// !$*UTF8*$!
{
	archiveVersion = 1;
	classes = {
	};
	objectVersion = 55;
	objects = {

/* Begin PBXBuildFile section */
		367A3BDB29C0142F00DFED77 /* AppDelegate.swift in Sources */ = {isa = PBXBuildFile; fileRef = 367A3BDA29C0142F00DFED77 /* AppDelegate.swift */; };
		367A3BDD29C0142F00DFED77 /* SceneDelegate.swift in Sources */ = {isa = PBXBuildFile; fileRef = 367A3BDC29C0142F00DFED77 /* SceneDelegate.swift */; };
		367A3BDF29C0142F00DFED77 /* ViewController.swift in Sources */ = {isa = PBXBuildFile; fileRef = 367A3BDE29C0142F00DFED77 /* ViewController.swift */; };
		367A3BE229C0142F00DFED77 /* Main.storyboard in Resources */ = {isa = PBXBuildFile; fileRef = 367A3BE029C0142F00DFED77 /* Main.storyboard */; };
		367A3BE429C0143000DFED77 /* Assets.xcassets in Resources */ = {isa = PBXBuildFile; fileRef = 367A3BE329C0143000DFED77 /* Assets.xcassets */; };
		367A3BE729C0143000DFED77 /* LaunchScreen.storyboard in Resources */ = {isa = PBXBuildFile; fileRef = 367A3BE529C0143000DFED77 /* LaunchScreen.storyboard */; };
		367A3BF329C0156100DFED77 /* ListModel.swift in Sources */ = {isa = PBXBuildFile; fileRef = 367A3BF229C0156100DFED77 /* ListModel.swift */; };
		367A3BF929C0177B00DFED77 /* GetUserPost.swift in Sources */ = {isa = PBXBuildFile; fileRef = 367A3BF829C0177B00DFED77 /* GetUserPost.swift */; };
		367A3BFC29C01BF600DFED77 /* UserPostViewModel.swift in Sources */ = {isa = PBXBuildFile; fileRef = 367A3BFB29C01BF600DFED77 /* UserPostViewModel.swift */; };
		367A3BFF29C029EE00DFED77 /* UserPostTableViewCell.swift in Sources */ = {isa = PBXBuildFile; fileRef = 367A3BFD29C029EE00DFED77 /* UserPostTableViewCell.swift */; };
		367A3C0029C029EE00DFED77 /* UserPostTableViewCell.xib in Resources */ = {isa = PBXBuildFile; fileRef = 367A3BFE29C029EE00DFED77 /* UserPostTableViewCell.xib */; };
		367A3C0329C05D5C00DFED77 /* GetApi.swift in Sources */ = {isa = PBXBuildFile; fileRef = 367A3C0229C05D5C00DFED77 /* GetApi.swift */; };
/* End PBXBuildFile section */

/* Begin PBXFileReference section */
		367A3BD729C0142F00DFED77 /* MVVM Title Body.app */ = {isa = PBXFileReference; explicitFileType = wrapper.application; includeInIndex = 0; path = "MVVM Title Body.app"; sourceTree = BUILT_PRODUCTS_DIR; };
		367A3BDA29C0142F00DFED77 /* AppDelegate.swift */ = {isa = PBXFileReference; lastKnownFileType = sourcecode.swift; path = AppDelegate.swift; sourceTree = "<group>"; };
		367A3BDC29C0142F00DFED77 /* SceneDelegate.swift */ = {isa = PBXFileReference; lastKnownFileType = sourcecode.swift; path = SceneDelegate.swift; sourceTree = "<group>"; };
		367A3BDE29C0142F00DFED77 /* ViewController.swift */ = {isa = PBXFileReference; lastKnownFileType = sourcecode.swift; path = ViewController.swift; sourceTree = "<group>"; };
		367A3BE129C0142F00DFED77 /* Base */ = {isa = PBXFileReference; lastKnownFileType = file.storyboard; name = Base; path = Base.lproj/Main.storyboard; sourceTree = "<group>"; };
		367A3BE329C0143000DFED77 /* Assets.xcassets */ = {isa = PBXFileReference; lastKnownFileType = folder.assetcatalog; path = Assets.xcassets; sourceTree = "<group>"; };
		367A3BE629C0143000DFED77 /* Base */ = {isa = PBXFileReference; lastKnownFileType = file.storyboard; name = Base; path = Base.lproj/LaunchScreen.storyboard; sourceTree = "<group>"; };
		367A3BE829C0143000DFED77 /* Info.plist */ = {isa = PBXFileReference; lastKnownFileType = text.plist.xml; path = Info.plist; sourceTree = "<group>"; };
		367A3BF229C0156100DFED77 /* ListModel.swift */ = {isa = PBXFileReference; lastKnownFileType = sourcecode.swift; path = ListModel.swift; sourceTree = "<group>"; };
		367A3BF829C0177B00DFED77 /* GetUserPost.swift */ = {isa = PBXFileReference; lastKnownFileType = sourcecode.swift; path = GetUserPost.swift; sourceTree = "<group>"; };
		367A3BFB29C01BF600DFED77 /* UserPostViewModel.swift */ = {isa = PBXFileReference; lastKnownFileType = sourcecode.swift; path = UserPostViewModel.swift; sourceTree = "<group>"; };
		367A3BFD29C029EE00DFED77 /* UserPostTableViewCell.swift */ = {isa = PBXFileReference; lastKnownFileType = sourcecode.swift; path = UserPostTableViewCell.swift; sourceTree = "<group>"; };
		367A3BFE29C029EE00DFED77 /* UserPostTableViewCell.xib */ = {isa = PBXFileReference; lastKnownFileType = file.xib; path = UserPostTableViewCell.xib; sourceTree = "<group>"; };
		367A3C0229C05D5C00DFED77 /* GetApi.swift */ = {isa = PBXFileReference; lastKnownFileType = sourcecode.swift; path = GetApi.swift; sourceTree = "<group>"; };
/* End PBXFileReference section */

/* Begin PBXFrameworksBuildPhase section */
		367A3BD429C0142F00DFED77 /* Frameworks */ = {
			isa = PBXFrameworksBuildPhase;
			buildActionMask = 2147483647;
			files = (
			);
			runOnlyForDeploymentPostprocessing = 0;
		};
/* End PBXFrameworksBuildPhase section */

/* Begin PBXGroup section */
		367A3BCE29C0142F00DFED77 = {
			isa = PBXGroup;
			children = (
				367A3BD929C0142F00DFED77 /* MVVM Title Body */,
				367A3BD829C0142F00DFED77 /* Products */,
			);
			sourceTree = "<group>";
		};
		367A3BD829C0142F00DFED77 /* Products */ = {
			isa = PBXGroup;
			children = (
				367A3BD729C0142F00DFED77 /* MVVM Title Body.app */,
			);
			name = Products;
			sourceTree = "<group>";
		};
		367A3BD929C0142F00DFED77 /* MVVM Title Body */ = {
			isa = PBXGroup;
			children = (
				367A3BF429C016EA00DFED77 /* Networking */,
				367A3BF029C014CF00DFED77 /* Storyboard */,
				367A3BEF29C014A800DFED77 /* MainDeleget */,
				367A3BF129C0150100DFED77 /* Model */,
				367A3BEE29C0148A00DFED77 /* View */,
				367A3BFA29C01B9200DFED77 /* ViewModel */,
				367A3BE329C0143000DFED77 /* Assets.xcassets */,
				367A3BE829C0143000DFED77 /* Info.plist */,
			);
			path = "MVVM Title Body";
			sourceTree = "<group>";
		};
		367A3BEE29C0148A00DFED77 /* View */ = {
			isa = PBXGroup;
			children = (
				367A3BDE29C0142F00DFED77 /* ViewController.swift */,
				367A3C0129C029F500DFED77 /* Cell */,
			);
			path = View;
			sourceTree = "<group>";
		};
		367A3BEF29C014A800DFED77 /* MainDeleget */ = {
			isa = PBXGroup;
			children = (
				367A3BDC29C0142F00DFED77 /* SceneDelegate.swift */,
				367A3BDA29C0142F00DFED77 /* AppDelegate.swift */,
			);
			path = MainDeleget;
			sourceTree = "<group>";
		};
		367A3BF029C014CF00DFED77 /* Storyboard */ = {
			isa = PBXGroup;
			children = (
				367A3BE029C0142F00DFED77 /* Main.storyboard */,
				367A3BE529C0143000DFED77 /* LaunchScreen.storyboard */,
			);
			path = Storyboard;
			sourceTree = "<group>";
		};
		367A3BF129C0150100DFED77 /* Model */ = {
			isa = PBXGroup;
			children = (
				367A3BF229C0156100DFED77 /* ListModel.swift */,
			);
			path = Model;
			sourceTree = "<group>";
		};
		367A3BF429C016EA00DFED77 /* Networking */ = {
			isa = PBXGroup;
			children = (
				367A3BF829C0177B00DFED77 /* GetUserPost.swift */,
				367A3C0229C05D5C00DFED77 /* GetApi.swift */,
			);
			path = Networking;
			sourceTree = "<group>";
		};
		367A3BFA29C01B9200DFED77 /* ViewModel */ = {
			isa = PBXGroup;
			children = (
				367A3BFB29C01BF600DFED77 /* UserPostViewModel.swift */,
			);
			path = ViewModel;
			sourceTree = "<group>";
		};
		367A3C0129C029F500DFED77 /* Cell */ = {
			isa = PBXGroup;
			children = (
				367A3BFD29C029EE00DFED77 /* UserPostTableViewCell.swift */,
				367A3BFE29C029EE00DFED77 /* UserPostTableViewCell.xib */,
			);
			path = Cell;
			sourceTree = "<group>";
		};
/* End PBXGroup section */

/* Begin PBXNativeTarget section */
		367A3BD629C0142F00DFED77 /* MVVM Title Body */ = {
			isa = PBXNativeTarget;
			buildConfigurationList = 367A3BEB29C0143000DFED77 /* Build configuration list for PBXNativeTarget "MVVM Title Body" */;
			buildPhases = (
				367A3BD329C0142F00DFED77 /* Sources */,
				367A3BD429C0142F00DFED77 /* Frameworks */,
				367A3BD529C0142F00DFED77 /* Resources */,
			);
			buildRules = (
			);
			dependencies = (
			);
			name = "MVVM Title Body";
			productName = "MVVM Title Body";
			productReference = 367A3BD729C0142F00DFED77 /* MVVM Title Body.app */;
			productType = "com.apple.product-type.application";
		};
/* End PBXNativeTarget section */

/* Begin PBXProject section */
		367A3BCF29C0142F00DFED77 /* Project object */ = {
			isa = PBXProject;
			attributes = {
				BuildIndependentTargetsInParallel = 1;
				LastSwiftUpdateCheck = 1340;
				LastUpgradeCheck = 1340;
				TargetAttributes = {
					367A3BD629C0142F00DFED77 = {
						CreatedOnToolsVersion = 13.4.1;
					};
				};
			};
			buildConfigurationList = 367A3BD229C0142F00DFED77 /* Build configuration list for PBXProject "MVVM Title Body" */;
			compatibilityVersion = "Xcode 13.0";
			developmentRegion = en;
			hasScannedForEncodings = 0;
			knownRegions = (
				en,
				Base,
			);
			mainGroup = 367A3BCE29C0142F00DFED77;
			productRefGroup = 367A3BD829C0142F00DFED77 /* Products */;
			projectDirPath = "";
			projectRoot = "";
			targets = (
				367A3BD629C0142F00DFED77 /* MVVM Title Body */,
			);
		};
/* End PBXProject section */

/* Begin PBXResourcesBuildPhase section */
		367A3BD529C0142F00DFED77 /* Resources */ = {
			isa = PBXResourcesBuildPhase;
			buildActionMask = 2147483647;
			files = (
				367A3BE729C0143000DFED77 /* LaunchScreen.storyboard in Resources */,
				367A3BE429C0143000DFED77 /* Assets.xcassets in Resources */,
				367A3C0029C029EE00DFED77 /* UserPostTableViewCell.xib in Resources */,
				367A3BE229C0142F00DFED77 /* Main.storyboard in Resources */,
			);
			runOnlyForDeploymentPostprocessing = 0;
		};
/* End PBXResourcesBuildPhase section */

/* Begin PBXSourcesBuildPhase section */
		367A3BD329C0142F00DFED77 /* Sources */ = {
			isa = PBXSourcesBuildPhase;
			buildActionMask = 2147483647;
			files = (
				367A3BDF29C0142F00DFED77 /* ViewController.swift in Sources */,
				367A3C0329C05D5C00DFED77 /* GetApi.swift in Sources */,
				367A3BDB29C0142F00DFED77 /* AppDelegate.swift in Sources */,
				367A3BDD29C0142F00DFED77 /* SceneDelegate.swift in Sources */,
				367A3BFC29C01BF600DFED77 /* UserPostViewModel.swift in Sources */,
				367A3BF929C0177B00DFED77 /* GetUserPost.swift in Sources */,
				367A3BF329C0156100DFED77 /* ListModel.swift in Sources */,
				367A3BFF29C029EE00DFED77 /* UserPostTableViewCell.swift in Sources */,
			);
			runOnlyForDeploymentPostprocessing = 0;
		};
/* End PBXSourcesBuildPhase section */

/* Begin PBXVariantGroup section */
		367A3BE029C0142F00DFED77 /* Main.storyboard */ = {
			isa = PBXVariantGroup;
			children = (
				367A3BE129C0142F00DFED77 /* Base */,
			);
			name = Main.storyboard;
			sourceTree = "<group>";
		};
		367A3BE529C0143000DFED77 /* LaunchScreen.storyboard */ = {
			isa = PBXVariantGroup;
			children = (
				367A3BE629C0143000DFED77 /* Base */,
			);
			name = LaunchScreen.storyboard;
			sourceTree = "<group>";
		};
/* End PBXVariantGroup section */

/* Begin XCBuildConfiguration section */
		367A3BE929C0143000DFED77 /* Debug */ = {
			isa = XCBuildConfiguration;
			buildSettings = {
				ALWAYS_SEARCH_USER_PATHS = NO;
				CLANG_ANALYZER_NONNULL = YES;
				CLANG_ANALYZER_NUMBER_OBJECT_CONVERSION = YES_AGGRESSIVE;
				CLANG_CXX_LANGUAGE_STANDARD = "gnu++17";
				CLANG_ENABLE_MODULES = YES;
				CLANG_ENABLE_OBJC_ARC = YES;
				CLANG_ENABLE_OBJC_WEAK = YES;
				CLANG_WARN_BLOCK_CAPTURE_AUTORELEASING = YES;
				CLANG_WARN_BOOL_CONVERSION = YES;
				CLANG_WARN_COMMA = YES;
				CLANG_WARN_CONSTANT_CONVERSION = YES;
				CLANG_WARN_DEPRECATED_OBJC_IMPLEMENTATIONS = YES;
				CLANG_WARN_DIRECT_OBJC_ISA_USAGE = YES_ERROR;
				CLANG_WARN_DOCUMENTATION_COMMENTS = YES;
				CLANG_WARN_EMPTY_BODY = YES;
				CLANG_WARN_ENUM_CONVERSION = YES;
				CLANG_WARN_INFINITE_RECURSION = YES;
				CLANG_WARN_INT_CONVERSION = YES;
				CLANG_WARN_NON_LITERAL_NULL_CONVERSION = YES;
				CLANG_WARN_OBJC_IMPLICIT_RETAIN_SELF = YES;
				CLANG_WARN_OBJC_LITERAL_CONVERSION = YES;
				CLANG_WARN_OBJC_ROOT_CLASS = YES_ERROR;
				CLANG_WARN_QUOTED_INCLUDE_IN_FRAMEWORK_HEADER = YES;
				CLANG_WARN_RANGE_LOOP_ANALYSIS = YES;
				CLANG_WARN_STRICT_PROTOTYPES = YES;
				CLANG_WARN_SUSPICIOUS_MOVE = YES;
				CLANG_WARN_UNGUARDED_AVAILABILITY = YES_AGGRESSIVE;
				CLANG_WARN_UNREACHABLE_CODE = YES;
				CLANG_WARN__DUPLICATE_METHOD_MATCH = YES;
				COPY_PHASE_STRIP = NO;
				DEBUG_INFORMATION_FORMAT = dwarf;
				ENABLE_STRICT_OBJC_MSGSEND = YES;
				ENABLE_TESTABILITY = YES;
				GCC_C_LANGUAGE_STANDARD = gnu11;
				GCC_DYNAMIC_NO_PIC = NO;
				GCC_NO_COMMON_BLOCKS = YES;
				GCC_OPTIMIZATION_LEVEL = 0;
				GCC_PREPROCESSOR_DEFINITIONS = (
					"DEBUG=1",
					"$(inherited)",
				);
				GCC_WARN_64_TO_32_BIT_CONVERSION = YES;
				GCC_WARN_ABOUT_RETURN_TYPE = YES_ERROR;
				GCC_WARN_UNDECLARED_SELECTOR = YES;
				GCC_WARN_UNINITIALIZED_AUTOS = YES_AGGRESSIVE;
				GCC_WARN_UNUSED_FUNCTION = YES;
				GCC_WARN_UNUSED_VARIABLE = YES;
				IPHONEOS_DEPLOYMENT_TARGET = 15.5;
				MTL_ENABLE_DEBUG_INFO = INCLUDE_SOURCE;
				MTL_FAST_MATH = YES;
				ONLY_ACTIVE_ARCH = YES;
				SDKROOT = iphoneos;
				SWIFT_ACTIVE_COMPILATION_CONDITIONS = DEBUG;
				SWIFT_OPTIMIZATION_LEVEL = "-Onone";
			};
			name = Debug;
		};
		367A3BEA29C0143000DFED77 /* Release */ = {
			isa = XCBuildConfiguration;
			buildSettings = {
				ALWAYS_SEARCH_USER_PATHS = NO;
				CLANG_ANALYZER_NONNULL = YES;
				CLANG_ANALYZER_NUMBER_OBJECT_CONVERSION = YES_AGGRESSIVE;
				CLANG_CXX_LANGUAGE_STANDARD = "gnu++17";
				CLANG_ENABLE_MODULES = YES;
				CLANG_ENABLE_OBJC_ARC = YES;
				CLANG_ENABLE_OBJC_WEAK = YES;
				CLANG_WARN_BLOCK_CAPTURE_AUTORELEASING = YES;
				CLANG_WARN_BOOL_CONVERSION = YES;
				CLANG_WARN_COMMA = YES;
				CLANG_WARN_CONSTANT_CONVERSION = YES;
				CLANG_WARN_DEPRECATED_OBJC_IMPLEMENTATIONS = YES;
				CLANG_WARN_DIRECT_OBJC_ISA_USAGE = YES_ERROR;
				CLANG_WARN_DOCUMENTATION_COMMENTS = YES;
				CLANG_WARN_EMPTY_BODY = YES;
				CLANG_WARN_ENUM_CONVERSION = YES;
				CLANG_WARN_INFINITE_RECURSION = YES;
				CLANG_WARN_INT_CONVERSION = YES;
				CLANG_WARN_NON_LITERAL_NULL_CONVERSION = YES;
				CLANG_WARN_OBJC_IMPLICIT_RETAIN_SELF = YES;
				CLANG_WARN_OBJC_LITERAL_CONVERSION = YES;
				CLANG_WARN_OBJC_ROOT_CLASS = YES_ERROR;
				CLANG_WARN_QUOTED_INCLUDE_IN_FRAMEWORK_HEADER = YES;
				CLANG_WARN_RANGE_LOOP_ANALYSIS = YES;
				CLANG_WARN_STRICT_PROTOTYPES = YES;
				CLANG_WARN_SUSPICIOUS_MOVE = YES;
				CLANG_WARN_UNGUARDED_AVAILABILITY = YES_AGGRESSIVE;
				CLANG_WARN_UNREACHABLE_CODE = YES;
				CLANG_WARN__DUPLICATE_METHOD_MATCH = YES;
				COPY_PHASE_STRIP = NO;
				DEBUG_INFORMATION_FORMAT = "dwarf-with-dsym";
				ENABLE_NS_ASSERTIONS = NO;
				ENABLE_STRICT_OBJC_MSGSEND = YES;
				GCC_C_LANGUAGE_STANDARD = gnu11;
				GCC_NO_COMMON_BLOCKS = YES;
				GCC_WARN_64_TO_32_BIT_CONVERSION = YES;
				GCC_WARN_ABOUT_RETURN_TYPE = YES_ERROR;
				GCC_WARN_UNDECLARED_SELECTOR = YES;
				GCC_WARN_UNINITIALIZED_AUTOS = YES_AGGRESSIVE;
				GCC_WARN_UNUSED_FUNCTION = YES;
				GCC_WARN_UNUSED_VARIABLE = YES;
				IPHONEOS_DEPLOYMENT_TARGET = 15.5;
				MTL_ENABLE_DEBUG_INFO = NO;
				MTL_FAST_MATH = YES;
				SDKROOT = iphoneos;
				SWIFT_COMPILATION_MODE = wholemodule;
				SWIFT_OPTIMIZATION_LEVEL = "-O";
				VALIDATE_PRODUCT = YES;
			};
			name = Release;
		};
		367A3BEC29C0143000DFED77 /* Debug */ = {
			isa = XCBuildConfiguration;
			buildSettings = {
				ASSETCATALOG_COMPILER_APPICON_NAME = AppIcon;
				ASSETCATALOG_COMPILER_GLOBAL_ACCENT_COLOR_NAME = AccentColor;
				CODE_SIGN_STYLE = Automatic;
				CURRENT_PROJECT_VERSION = 1;
				GENERATE_INFOPLIST_FILE = YES;
				INFOPLIST_FILE = "MVVM Title Body/Info.plist";
				INFOPLIST_KEY_UIApplicationSupportsIndirectInputEvents = YES;
				INFOPLIST_KEY_UILaunchStoryboardName = LaunchScreen;
				INFOPLIST_KEY_UIMainStoryboardFile = Main;
				INFOPLIST_KEY_UISupportedInterfaceOrientations_iPad = "UIInterfaceOrientationPortrait UIInterfaceOrientationPortraitUpsideDown UIInterfaceOrientationLandscapeLeft UIInterfaceOrientationLandscapeRight";
				INFOPLIST_KEY_UISupportedInterfaceOrientations_iPhone = "UIInterfaceOrientationPortrait UIInterfaceOrientationLandscapeLeft UIInterfaceOrientationLandscapeRight";
				LD_RUNPATH_SEARCH_PATHS = (
					"$(inherited)",
					"@executable_path/Frameworks",
				);
				MARKETING_VERSION = 1.0;
				PRODUCT_BUNDLE_IDENTIFIER = "Tes.MVVM-Title-Body";
				PRODUCT_NAME = "$(TARGET_NAME)";
				SWIFT_EMIT_LOC_STRINGS = YES;
				SWIFT_VERSION = 5.0;
				TARGETED_DEVICE_FAMILY = "1,2";
			};
			name = Debug;
		};
		367A3BED29C0143000DFED77 /* Release */ = {
			isa = XCBuildConfiguration;
			buildSettings = {
				ASSETCATALOG_COMPILER_APPICON_NAME = AppIcon;
				ASSETCATALOG_COMPILER_GLOBAL_ACCENT_COLOR_NAME = AccentColor;
				CODE_SIGN_STYLE = Automatic;
				CURRENT_PROJECT_VERSION = 1;
				GENERATE_INFOPLIST_FILE = YES;
				INFOPLIST_FILE = "MVVM Title Body/Info.plist";
				INFOPLIST_KEY_UIApplicationSupportsIndirectInputEvents = YES;
				INFOPLIST_KEY_UILaunchStoryboardName = LaunchScreen;
				INFOPLIST_KEY_UIMainStoryboardFile = Main;
				INFOPLIST_KEY_UISupportedInterfaceOrientations_iPad = "UIInterfaceOrientationPortrait UIInterfaceOrientationPortraitUpsideDown UIInterfaceOrientationLandscapeLeft UIInterfaceOrientationLandscapeRight";
				INFOPLIST_KEY_UISupportedInterfaceOrientations_iPhone = "UIInterfaceOrientationPortrait UIInterfaceOrientationLandscapeLeft UIInterfaceOrientationLandscapeRight";
				LD_RUNPATH_SEARCH_PATHS = (
					"$(inherited)",
					"@executable_path/Frameworks",
				);
				MARKETING_VERSION = 1.0;
				PRODUCT_BUNDLE_IDENTIFIER = "Tes.MVVM-Title-Body";
				PRODUCT_NAME = "$(TARGET_NAME)";
				SWIFT_EMIT_LOC_STRINGS = YES;
				SWIFT_VERSION = 5.0;
				TARGETED_DEVICE_FAMILY = "1,2";
			};
			name = Release;
		};
/* End XCBuildConfiguration section */

/* Begin XCConfigurationList section */
		367A3BD229C0142F00DFED77 /* Build configuration list for PBXProject "MVVM Title Body" */ = {
			isa = XCConfigurationList;
			buildConfigurations = (
				367A3BE929C0143000DFED77 /* Debug */,
				367A3BEA29C0143000DFED77 /* Release */,
			);
			defaultConfigurationIsVisible = 0;
			defaultConfigurationName = Release;
		};
		367A3BEB29C0143000DFED77 /* Build configuration list for PBXNativeTarget "MVVM Title Body" */ = {
			isa = XCConfigurationList;
			buildConfigurations = (
				367A3BEC29C0143000DFED77 /* Debug */,
				367A3BED29C0143000DFED77 /* Release */,
			);
			defaultConfigurationIsVisible = 0;
			defaultConfigurationName = Release;
		};
/* End XCConfigurationList section */
	};
	rootObject = 367A3BCF29C0142F00DFED77 /* Project object */;
}
